
Microsoft Visual Studio Solution File, Format Version 12.00
# Visual Studio Version 16
VisualStudioVersion = 16.0.29806.167
MinimumVisualStudioVersion = 10.0.40219.1
Project("{8BC9CEB8-8B4A-11D0-8D11-00A0C91BC942}") = "two_bintree_approximate___CUDA", "two_bintree_approximate___CUDA.vcxproj", "{4C1A804A-933C-43C1-B4B6-FD094503E210}"
EndProject
Global
	GlobalSection(SolutionConfigurationPlatforms) = preSolution
		Debug|x64 = Debug|x64
		Release|x64 = Release|x64
	EndGlobalSection
	GlobalSection(ProjectConfigurationPlatforms) = postSolution
		{4C1A804A-933C-43C1-B4B6-FD094503E210}.Debug|x64.ActiveCfg = Debug|x64
		{4C1A804A-933C-43C1-B4B6-FD094503E210}.Debug|x64.Build.0 = Debug|x64
		{4C1A804A-933C-43C1-B4B6-FD094503E210}.Release|x64.ActiveCfg = Release|x64
		{4C1A804A-933C-43C1-B4B6-FD094503E210}.Release|x64.Build.0 = Release|x64
	EndGlobalSection
	GlobalSection(SolutionProperties) = preSolution
		HideSolutionNode = FALSE
	EndGlobalSection
	GlobalSection(ExtensibilityGlobals) = postSolution
		SolutionGuid = {C79368AB-EDFA-499E-818E-9C991EC3E994}
	EndGlobalSection
EndGlobal
